
Microsoft Visual Studio Solution File, Format Version 12.00
# Visual Studio Version 17
VisualStudioVersion = 17.0.31903.59
MinimumVisualStudioVersion = 10.0.40219.1
Project("{FAE04EC0-301F-11D3-BF4B-00C04F79EFBC}") = "API", "API\API.csproj", "{5786AA4E-96B3-4525-BAF9-8360660CD8F4}"
EndProject
Project("{FAE04EC0-301F-11D3-BF4B-00C04F79EFBC}") = "Core", "Core\Core.csproj", "{81266329-6014-45B6-A92C-FF577124CBD3}"
EndProject
Project("{FAE04EC0-301F-11D3-BF4B-00C04F79EFBC}") = "Infrastructure", "Infrastructure\Infrastructure.csproj", "{33E79A91-E1DF-4A91-B981-E784D7E10F8A}"
EndProject
Global
	GlobalSection(SolutionConfigurationPlatforms) = preSolution
		Debug|Any CPU = Debug|Any CPU
		Release|Any CPU = Release|Any CPU
	EndGlobalSection
	GlobalSection(SolutionProperties) = preSolution
		HideSolutionNode = FALSE
	EndGlobalSection
	GlobalSection(ProjectConfigurationPlatforms) = postSolution
		{5786AA4E-96B3-4525-BAF9-8360660CD8F4}.Debug|Any CPU.ActiveCfg = Debug|Any CPU
		{5786AA4E-96B3-4525-BAF9-8360660CD8F4}.Debug|Any CPU.Build.0 = Debug|Any CPU
		{5786AA4E-96B3-4525-BAF9-8360660CD8F4}.Release|Any CPU.ActiveCfg = Release|Any CPU
		{5786AA4E-96B3-4525-BAF9-8360660CD8F4}.Release|Any CPU.Build.0 = Release|Any CPU
		{81266329-6014-45B6-A92C-FF577124CBD3}.Debug|Any CPU.ActiveCfg = Debug|Any CPU
		{81266329-6014-45B6-A92C-FF577124CBD3}.Debug|Any CPU.Build.0 = Debug|Any CPU
		{81266329-6014-45B6-A92C-FF577124CBD3}.Release|Any CPU.ActiveCfg = Release|Any CPU
		{81266329-6014-45B6-A92C-FF577124CBD3}.Release|Any CPU.Build.0 = Release|Any CPU
		{33E79A91-E1DF-4A91-B981-E784D7E10F8A}.Debug|Any CPU.ActiveCfg = Debug|Any CPU
		{33E79A91-E1DF-4A91-B981-E784D7E10F8A}.Debug|Any CPU.Build.0 = Debug|Any CPU
		{33E79A91-E1DF-4A91-B981-E784D7E10F8A}.Release|Any CPU.ActiveCfg = Release|Any CPU
		{33E79A91-E1DF-4A91-B981-E784D7E10F8A}.Release|Any CPU.Build.0 = Release|Any CPU
	EndGlobalSection
EndGlobal
